# This file is autogenerated, do not edit; changes may be undone by the next 'dep ensure'.


[[projects]]
  digest = "1:888fb983622d8c48e17dbc0121e8265a9c7e69f4e0932fd42baf6236fc59c31d"
  name = "github.com/bradleyjkemp/cupaloy"
  packages = ["."]
  pruneopts = "UT"
  revision = "0d797813a76b4573317a916b0c5816dc55fff62d"
  version = "v2.0.0"

[[projects]]
  digest = "1:a2c1d0e43bd3baaa071d1b9ed72c27d78169b2b269f71c105ac4ba34b1be4a39"
  name = "github.com/davecgh/go-spew"
  packages = ["spew"]
  pruneopts = "UT"
  revision = "346938d642f2ec3594ed81d874461961cd0faa76"
  version = "v1.1.0"

[[projects]]
  digest = "1:4bb94bb2d837b5c7489d9e5e1fcffbc81fa1cb43024cbb4fe827787378f01e3b"
  name = "github.com/fatih/color"
  packages = ["."]
  pruneopts = "UT"
  revision = "507f6050b8568533fb3f5504de8e5205fa62a114"
  version = "v1.6.0"

[[projects]]
  digest = "1:abeb38ade3f32a92943e5be54f55ed6d6e3b6602761d74b4aab4c9dd45c18abd"
  name = "github.com/fsnotify/fsnotify"
  packages = ["."]
  pruneopts = "UT"
  revision = "c2828203cd70a50dcccfb2761f8b1f8ceef9a8e9"
  version = "v1.4.7"

[[projects]]
  digest = "1:66b0bd1206cbe673390e168f643e3ae8054cddedfce3a798adac45894a1f1943"
  name = "github.com/golang/mock"
  packages = [
    "gomock",
    "mockgen",
    "mockgen/model",
  ]
  pruneopts = "UT"
  revision = "13f360950a79f5864a972c786a10a50e44b69541"
  version = "v1.0.0"

[[projects]]
  digest = "1:6b2ff59817cea1b336d46976ee5b1ad34f4eb2f21c4fbad602febb812fd04e70"
  name = "github.com/golang/protobuf"
  packages = [
    "jsonpb",
    "proto",
    "protoc-gen-go/descriptor",
    "ptypes",
    "ptypes/any",
    "ptypes/duration",
    "ptypes/empty",
    "ptypes/struct",
    "ptypes/timestamp",
  ]
  pruneopts = "UT"
  revision = "925541529c1fa6821df4e44ce2723319eb2be768"
  version = "v1.0.0"

[[projects]]
  digest = "1:2e3c336fc7fde5c984d2841455a658a6d626450b1754a854b3b32e7a8f49a07a"
  name = "github.com/google/go-cmp"
  packages = [
    "cmp",
    "cmp/internal/diff",
    "cmp/internal/function",
    "cmp/internal/value",
  ]
  pruneopts = "UT"
  revision = "3af367b6b30c263d47e8895973edcca9a49cf029"
  version = "v0.2.0"

[[projects]]
  branch = "master"
  digest = "1:d8d8fafaa071deaaf70ace16ec2232088b1c7e968d613c09426f1742c76cb73f"
  name = "github.com/grpc-ecosystem/go-grpc-middleware"
  packages = ["."]
  pruneopts = "UT"
  revision = "d0c54e68681ec7999ac17864470f3bee6521ba2b"

[[projects]]
  digest = "1:47d5a48673e054e5d8a172abf17b88675bea87ca48b7acebe85e4e0dfd153a7b"
  name = "github.com/grpc-ecosystem/grpc-gateway"
  packages = [
    "runtime",
    "runtime/internal",
    "utilities",
  ]
  pruneopts = "UT"
  revision = "07f5e79768022f9a3265235f0db4ac8c3f675fec"
  version = "v1.3.1"

[[projects]]
  branch = "master"
  digest = "1:145eff5207977eb95c3649a27cdc2e467d8a1c104810bc12b6a53745a91d823a"
  name = "github.com/hashicorp/hcl"
  packages = [
    ".",
    "hcl/ast",
    "hcl/parser",
    "hcl/scanner",
    "hcl/strconv",
    "hcl/token",
    "json/parser",
    "json/scanner",
    "json/token",
  ]
  pruneopts = "UT"
  revision = "23c074d0eceb2b8a5bfdbb271ab780cde70f05a8"

[[projects]]
  digest = "1:870d441fe217b8e689d7949fef6e43efbc787e50f200cb1e70dbca9204a1d6be"
  name = "github.com/inconshreveable/mousetrap"
  packages = ["."]
  pruneopts = "UT"
  revision = "76626ae9c91c4f2a10f34cad8ce83ea42c93bb75"
  version = "v1.0"

[[projects]]
  digest = "1:e627c39de5c0fed755b325238dc6ae5818fd686a4c3ab2b99389b9f2e0bab493"
  name = "github.com/izumin5210/clicontrib"
  packages = [
    "pkg/cbuild",
    "pkg/ccmd",
    "pkg/clog",
  ]
  pruneopts = "UT"
  revision = "fdfd45e15564e04a472c90a37fb1a5d8035fe050"
  version = "v0.1.0"

[[projects]]
  branch = "master"
  digest = "1:446f04b6b59c2cfacf8e9784c431afda6708d72a7a09eaefb2ab96d2b9cf8536"
  name = "github.com/jessevdk/go-assets"
  packages = ["."]
  pruneopts = "UT"
  revision = "4f4301a06e153ff90e17793577ab6bf79f8dc5c5"

[[projects]]
  branch = "master"
  digest = "1:bb54c001bc8d92050bb6d693280463db6eb46c8f9e4a7794b0aded19444b8a9e"
  name = "github.com/jessevdk/go-assets-builder"
  packages = ["."]
  pruneopts = "UT"
  revision = "b8483521738fd2198ecfc378067a4e8a6079f8e5"

[[projects]]
  digest = "1:1b626a9a3dc9490e97cf64bd3eba87da729b95be0383dda9d0d59fd8ba5da3cf"
  name = "github.com/jessevdk/go-flags"
  packages = ["."]
  pruneopts = "UT"
  revision = "96dc06278ce32a0e9d957d590bb987c81ee66407"
  version = "v1.3.0"

[[projects]]
  branch = "master"
  digest = "1:fd97437fbb6b7dce04132cf06775bd258cce305c44add58eb55ca86c6c325160"
  name = "github.com/jinzhu/inflection"
  packages = ["."]
  pruneopts = "UT"
  revision = "04140366298a54a039076d798123ffa108fff46c"

[[projects]]
  digest = "1:5149009cc36718234a9ad2896b04b04716808b8d72143b5687c0a15b53132b27"
  name = "github.com/magiconair/properties"
  packages = ["."]
  pruneopts = "UT"
  revision = "c3beff4c2358b44d0493c7dda585e7db7ff28ae6"
  version = "v1.7.6"

[[projects]]
  digest = "1:c658e84ad3916da105a761660dcaeb01e63416c8ec7bc62256a9b411a05fcd67"
  name = "github.com/mattn/go-colorable"
  packages = ["."]
  pruneopts = "UT"
  revision = "167de6bfdfba052fa6b2d3664c8f5272e23c9072"
  version = "v0.0.9"

[[projects]]
  digest = "1:d4d17353dbd05cb52a2a52b7fe1771883b682806f68db442b436294926bbfafb"
  name = "github.com/mattn/go-isatty"
  packages = ["."]
  pruneopts = "UT"
  revision = "0360b2af4f38e8d38c7fce2a9f4e702702d73a39"
  version = "v0.0.3"

[[projects]]
  digest = "1:a82223630c35be0e7b7e543bf8db95b8de3f1319671b30c6104ea521a00f36fd"
  name = "github.com/mitchellh/gox"
  packages = ["."]
  pruneopts = "UT"
  revision = "c9740af9c6574448fd48eb30a71f964014c7a837"
  version = "v0.4.0"

[[projects]]
  branch = "master"
  digest = "1:041bb70411ef6945901c63cab3bfd6a1a1de88352359ad0e6e1e86478a53d0ec"
  name = "github.com/mitchellh/iochan"
  packages = ["."]
  pruneopts = "UT"
  revision = "87b45ffd0e9581375c491fef3d32130bb15c5bd7"

[[projects]]
  branch = "master"
  digest = "1:2514da1e59c0a936d8c1e0fbf5592267a3c5893eb4555ce767bb54d149e9cf6e"
  name = "github.com/mitchellh/mapstructure"
  packages = ["."]
  pruneopts = "UT"
  revision = "00c29f56e2386353d58c599509e8dc3801b0d716"

[[projects]]
  digest = "1:7231124c9669dfb54b82ef8b89f2735cf5d5d2529a23c6ac93a8c4b8bbb28b28"
  name = "github.com/pelletier/go-toml"
  packages = ["."]
  pruneopts = "UT"
  revision = "acdc4509485b587f5e675510c4f2c63e90ff68a8"
  version = "v1.1.0"

[[projects]]
  digest = "1:40e195917a951a8bf867cd05de2a46aaf1806c50cf92eebf4c16f78cd196f747"
  name = "github.com/pkg/errors"
  packages = ["."]
  pruneopts = "UT"
  revision = "645ef00459ed84a119197bfb8d8205042c6df63d"
  version = "v0.8.0"

[[projects]]
  digest = "1:0028cb19b2e4c3112225cd871870f2d9cf49b9b4276531f03438a88e94be86fe"
  name = "github.com/pmezard/go-difflib"
  packages = ["difflib"]
  pruneopts = "UT"
  revision = "792786c7400a136282c1664665ae0a8db921c6c2"
  version = "v1.0.0"

[[projects]]
  branch = "master"
  digest = "1:efa124a0ca36a35cc1a1b472cb0fa2be1e7d9fd1db0f8bc9a042e42e4c6405aa"
  name = "github.com/serenize/snaker"
  packages = ["."]
  pruneopts = "UT"
  revision = "a683aaf2d516deecd70cad0c72e3ca773ecfcef0"

[[projects]]
  digest = "1:30e06e6d62a1d694e3cdbff29d8a9a96022e05a487d0c6eaf0ef898965ef28fb"
  name = "github.com/soheilhy/cmux"
  packages = ["."]
  pruneopts = "UT"
  revision = "e09e9389d85d8492d313d73d1469c029e710623f"
  version = "v0.1.4"

[[projects]]
  digest = "1:25cbfdc8c07a45b5aaa2ae0be642ea653554393aed77fcad692f201a2f3bf253"
  name = "github.com/spf13/afero"
  packages = [
    ".",
    "mem",
  ]
  pruneopts = "UT"
  revision = "bb8f1927f2a9d3ab41c9340aa034f6b803f4359c"
  version = "v1.0.2"

[[projects]]
  digest = "1:516e71bed754268937f57d4ecb190e01958452336fa73dbac880894164e91c1f"
  name = "github.com/spf13/cast"
  packages = ["."]
  pruneopts = "UT"
  revision = "8965335b8c7107321228e3e3702cab9832751bac"
  version = "v1.2.0"

[[projects]]
  digest = "1:7ffc0983035bc7e297da3688d9fe19d60a420e9c38bef23f845c53788ed6a05e"
  name = "github.com/spf13/cobra"
  packages = ["."]
  pruneopts = "UT"
  revision = "7b2c5ac9fc04fc5efafb60700713d4fa609b777b"
  version = "v0.0.1"

[[projects]]
  branch = "master"
  digest = "1:080e5f630945ad754f4b920e60b4d3095ba0237ebf88dc462eb28002932e3805"
  name = "github.com/spf13/jwalterweatherman"
  packages = ["."]
  pruneopts = "UT"
  revision = "7c0cea34c8ece3fbeb2b27ab9b59511d360fb394"

[[projects]]
  digest = "1:1b21a2b4058a779f290c7341cd93267492e0ecea6c8b54f64a4a5fd7ff131034"
  name = "github.com/spf13/pflag"
  packages = ["."]
  pruneopts = "UT"
  revision = "e57e3eeb33f795204c1ca35f56c44f83227c6e66"
  version = "v1.0.0"

[[projects]]
  digest = "1:f8e1a678a2571e265f4bf91a3e5e32aa6b1474a55cb0ea849750cc177b664d96"
  name = "github.com/spf13/viper"
  packages = ["."]
  pruneopts = "UT"
  revision = "25b30aa063fc18e48662b86996252eabdcf2f0c7"
  version = "v1.0.0"

[[projects]]
  branch = "master"
  digest = "1:29fa5c9ff973700f1bc2090037b905a06d90547b0223c7d1a5e7bea190b18ca8"
  name = "github.com/tcnksm/go-input"
  packages = ["."]
  pruneopts = "UT"
  revision = "bbe13e92fa7dda71a4e012e3f427df11866c7651"

[[projects]]
  digest = "1:9d5cf6f23377cc24f00ba9a7b0c83fe070171c094e42eece262c6252a392ec33"
  name = "go.uber.org/atomic"
  packages = ["."]
  pruneopts = "UT"
  revision = "8474b86a5a6f79c443ce4b2992817ff32cf208b8"
  version = "v1.3.1"

[[projects]]
  digest = "1:60bf2a5e347af463c42ed31a493d817f8a72f102543060ed992754e689805d1a"
  name = "go.uber.org/multierr"
  packages = ["."]
  pruneopts = "UT"
  revision = "3c4937480c32f4c13a875a1829af76c98ca3d40a"
  version = "v1.1.0"

[[projects]]
  digest = "1:0d59cfb5fb7d699ef8442a0d049935f6d0034aa001ca8328d048a814e1661035"
  name = "go.uber.org/zap"
  packages = [
    ".",
    "buffer",
    "internal/bufferpool",
    "internal/color",
    "internal/exit",
    "zapcore",
  ]
  pruneopts = "UT"
  revision = "35aad584952c3e7020db7b839f6b102de6271f89"
  version = "v1.7.1"

[[projects]]
  branch = "master"
  digest = "1:38cb27d3525635c34e84e2dbc2207c37d10832776997665bf0ddaeae2c861f1f"
  name = "golang.org/x/crypto"
  packages = ["ssh/terminal"]
  pruneopts = "UT"
  revision = "91a49db82a88618983a78a06c1cbd4e00ab749ab"

[[projects]]
  branch = "master"
  digest = "1:a1146585d49b88c3d2b49c9e513383a381f94c7238f5f6ae889bc029a0821f92"
  name = "golang.org/x/net"
  packages = [
    "context",
    "http2",
    "http2/hpack",
    "idna",
    "internal/timeseries",
    "lex/httplex",
    "trace",
  ]
  pruneopts = "UT"
  revision = "cbe0f9307d0156177f9dd5dc85da1a31abc5f2fb"

[[projects]]
  branch = "master"
  digest = "1:39ebcc2b11457b703ae9ee2e8cca0f68df21969c6102cb3b705f76cca0ea0239"
  name = "golang.org/x/sync"
  packages = ["errgroup"]
  pruneopts = "UT"
  revision = "fd80eb99c8f653c847d294a001bdf2a3a6f768f5"

[[projects]]
  branch = "master"
  digest = "1:17b462690f58b30c9de76dcc08fea6f6c423e8a2bf9be9ed132ae10f7d75e21e"
  name = "golang.org/x/sys"
  packages = [
    "unix",
    "windows",
  ]
  pruneopts = "UT"
  revision = "88d2dcc510266da9f7f8c7f34e1940716cab5f5c"

[[projects]]
  digest = "1:a2ab62866c75542dd18d2b069fec854577a20211d7c0ea6ae746072a1dccdd18"
  name = "golang.org/x/text"
  packages = [
    "collate",
    "collate/build",
    "internal/colltab",
    "internal/gen",
    "internal/tag",
    "internal/triegen",
    "internal/ucd",
    "language",
    "secure/bidirule",
    "transform",
    "unicode/bidi",
    "unicode/cldr",
    "unicode/norm",
    "unicode/rangetable",
  ]
  pruneopts = "UT"
  revision = "f21a4dfb5e38f5895301dc265a8def02365cc3d0"
  version = "v0.3.0"

[[projects]]
  branch = "master"
  digest = "1:c2dee8dbcc504d1a7858f5dbaed7c8b256c512c5e9e81480158c30185bbd2792"
  name = "google.golang.org/genproto"
  packages = [
    "googleapis/api/annotations",
    "googleapis/rpc/status",
  ]
  pruneopts = "UT"
  revision = "2b5a72b8730b0b16380010cfe5286c42108d88e7"

[[projects]]
  digest = "1:3ae47a2c92955eaa0fd71399ec6d67acfef3560ddbc182e265fa0abacfa0c825"
  name = "google.golang.org/grpc"
  packages = [
    ".",
    "balancer",
    "balancer/base",
    "balancer/roundrobin",
    "codes",
    "connectivity",
    "credentials",
    "encoding",
    "encoding/proto",
    "grpclb/grpc_lb_v1/messages",
    "grpclog",
    "internal",
    "keepalive",
    "metadata",
    "naming",
    "peer",
    "reflection",
    "reflection/grpc_reflection_v1alpha",
    "resolver",
    "resolver/dns",
    "resolver/passthrough",
    "stats",
    "status",
    "tap",
    "transport",
  ]
  pruneopts = "UT"
  revision = "8e4536a86ab602859c20df5ebfd0bd4228d08655"
  version = "v1.10.0"

[[projects]]
  digest = "1:2a81c6e126d36ad027328cffaa4888fc3be40f09dc48028d1f93705b718130b9"
  name = "gopkg.in/yaml.v2"
  packages = ["."]
  pruneopts = "UT"
  revision = "7f97868eec74b32b0982dd158a51a446d1da7eb5"
  version = "v2.1.1"

[solve-meta]
  analyzer-name = "dep"
  analyzer-version = 1
  input-imports = [
    "github.com/bradleyjkemp/cupaloy",
    "github.com/fatih/color",
    "github.com/golang/mock/gomock",
    "github.com/golang/mock/mockgen",
    "github.com/golang/protobuf/proto",
    "github.com/golang/protobuf/ptypes/empty",
    "github.com/google/go-cmp/cmp",
    "github.com/grpc-ecosystem/go-grpc-middleware",
    "github.com/grpc-ecosystem/grpc-gateway/runtime",
    "github.com/grpc-ecosystem/grpc-gateway/utilities",
    "github.com/izumin5210/clicontrib/pkg/ccmd",
    "github.com/izumin5210/clicontrib/pkg/clog",
    "github.com/jessevdk/go-assets",
    "github.com/jessevdk/go-assets-builder",
    "github.com/jinzhu/inflection",
    "github.com/mattn/go-colorable",
    "github.com/mitchellh/gox",
    "github.com/pkg/errors",
    "github.com/serenize/snaker",
    "github.com/soheilhy/cmux",
    "github.com/spf13/afero",
    "github.com/spf13/cobra",
    "github.com/spf13/viper",
    "github.com/tcnksm/go-input",
    "golang.org/x/net/context",
    "golang.org/x/sync/errgroup",
    "google.golang.org/genproto/googleapis/api/annotations",
    "google.golang.org/grpc",
    "google.golang.org/grpc/codes",
    "google.golang.org/grpc/grpclog",
    "google.golang.org/grpc/reflection",
    "google.golang.org/grpc/status",
  ]
  solver-name = "gps-cdcl"
  solver-version = 1
